{
  "name": "cpb_htm",
  "lockfileVersion": 3,
  "requires": true,
  "packages": {
    "": {
      "dependencies": {
        "ccat-api": "^0.10.6",
        "vivagraphjs": "^0.12.0"
      }
    },
    "node_modules/@types/node": {
      "version": "20.12.7",
      "resolved": "https://registry.npmjs.org/@types/node/-/node-20.12.7.tgz",
      "integrity": "sha512-wq0cICSkRLVaf3UGLMGItu/PtdY7oaXaI/RVU+xliKVOtRna3PRY57ZDfztpDL0n11vfymMUnXv8QwYCO7L1wg==",
      "dependencies": {
        "undici-types": "~5.26.4"
      }
    },
    "node_modules/@types/ws": {
      "version": "8.5.10",
      "resolved": "https://registry.npmjs.org/@types/ws/-/ws-8.5.10.tgz",
      "integrity": "sha512-vmQSUcfalpIq0R9q7uTo2lXs6eGIpt9wtnLdMv9LVpIjCA/+ufZRozlVoVelIYixx1ugCBKDhn89vnsEGOCx9A==",
      "dependencies": {
        "@types/node": "*"
      }
    },
    "node_modules/add-event-listener": {
      "version": "0.0.1",
      "resolved": "https://registry.npmjs.org/add-event-listener/-/add-event-listener-0.0.1.tgz",
      "integrity": "sha512-hjRmkeDqFUWEFcDHP/Lp0Pa4MhIJk/oQX8B7lFiNrjBKHjf0q+ivCJrucY8d8UI5d0QkZgV2jGdAGXxEZcm3nA=="
    },
    "node_modules/asynckit": {
      "version": "0.4.0",
      "resolved": "https://registry.npmjs.org/asynckit/-/asynckit-0.4.0.tgz",
      "integrity": "sha512-Oei9OH4tRh0YqU3GxhX79dM/mwVgvbZJaSNaRk+bshkj0S5cfHcgYakreBjrHwatXKbz+IoIdYLxrKim2MjW0Q=="
    },
    "node_modules/axios": {
      "version": "1.6.8",
      "resolved": "https://registry.npmjs.org/axios/-/axios-1.6.8.tgz",
      "integrity": "sha512-v/ZHtJDU39mDpyBoFVkETcd/uNdxrWRrg3bKpOKzXFA6Bvqopts6ALSMU3y6ijYxbw2B+wPrIv46egTzJXCLGQ==",
      "dependencies": {
        "follow-redirects": "^1.15.6",
        "form-data": "^4.0.0",
        "proxy-from-env": "^1.1.0"
      }
    },
    "node_modules/ccat-api": {
      "version": "0.10.6",
      "resolved": "https://registry.npmjs.org/ccat-api/-/ccat-api-0.10.6.tgz",
      "integrity": "sha512-MuKeZj52JJDIidX/6RF/SV2IQmsKPs/WwM3CawRAFF7fa5p0t7m9DKaAc00czYpBa0cHQ0DhAFZ9r8DwwKrXjA==",
      "dependencies": {
        "@types/ws": "^8.5.10",
        "axios": "^1.6.8",
        "form-data": "^4.0.0",
        "isomorphic-ws": "^5.0.0",
        "ws": "^8.16.0"
      }
    },
    "node_modules/combined-stream": {
      "version": "1.0.8",
      "resolved": "https://registry.npmjs.org/combined-stream/-/combined-stream-1.0.8.tgz",
      "integrity": "sha512-FQN4MRfuJeHf7cBbBMJFXhKSDq+2kAArBlmRBvcvFE5BB1HZKXtSFASDhdlz9zOYwxh8lDdnvmMOe/+5cdoEdg==",
      "dependencies": {
        "delayed-stream": "~1.0.0"
      },
      "engines": {
        "node": ">= 0.8"
      }
    },
    "node_modules/delayed-stream": {
      "version": "1.0.0",
      "resolved": "https://registry.npmjs.org/delayed-stream/-/delayed-stream-1.0.0.tgz",
      "integrity": "sha512-ZySD7Nf91aLB0RxL4KGrKHBXl7Eds1DAmEdcoVawXnLD7SDhpNgtuII2aAkg7a7QS41jxPSZ17p4VdGnMHk3MQ==",
      "engines": {
        "node": ">=0.4.0"
      }
    },
    "node_modules/follow-redirects": {
      "version": "1.15.6",
      "resolved": "https://registry.npmjs.org/follow-redirects/-/follow-redirects-1.15.6.tgz",
      "integrity": "sha512-wWN62YITEaOpSK584EZXJafH1AGpO8RVgElfkuXbTOrPX4fIfOyEpW/CsiNd8JdYrAoOvafRTOEnvsO++qCqFA==",
      "funding": [
        {
          "type": "individual",
          "url": "https://github.com/sponsors/RubenVerborgh"
        }
      ],
      "engines": {
        "node": ">=4.0"
      },
      "peerDependenciesMeta": {
        "debug": {
          "optional": true
        }
      }
    },
    "node_modules/form-data": {
      "version": "4.0.0",
      "resolved": "https://registry.npmjs.org/form-data/-/form-data-4.0.0.tgz",
      "integrity": "sha512-ETEklSGi5t0QMZuiXoA/Q6vcnxcLQP5vdugSpuAyi6SVGi2clPPp+xgEhuMaHC+zGgn31Kd235W35f7Hykkaww==",
      "dependencies": {
        "asynckit": "^0.4.0",
        "combined-stream": "^1.0.8",
        "mime-types": "^2.1.12"
      },
      "engines": {
        "node": ">= 6"
      }
    },
    "node_modules/gintersect": {
      "version": "0.1.0",
      "resolved": "https://registry.npmjs.org/gintersect/-/gintersect-0.1.0.tgz",
      "integrity": "sha512-jps8Ckj6u8yLxOYzBVJbPqvRdeHOINQgRtufaLHkunwNQcSEdZU0ejPBapSimXJEQ9mdQW4hsEUN7DfJEcTvQQ=="
    },
    "node_modules/isomorphic-ws": {
      "version": "5.0.0",
      "resolved": "https://registry.npmjs.org/isomorphic-ws/-/isomorphic-ws-5.0.0.tgz",
      "integrity": "sha512-muId7Zzn9ywDsyXgTIafTry2sV3nySZeUDe6YedVd1Hvuuep5AsIlqK+XefWpYTyJG5e503F2xIuT2lcU6rCSw==",
      "peerDependencies": {
        "ws": "*"
      }
    },
    "node_modules/mime-db": {
      "version": "1.52.0",
      "resolved": "https://registry.npmjs.org/mime-db/-/mime-db-1.52.0.tgz",
      "integrity": "sha512-sPU4uV7dYlvtWJxwwxHD0PuihVNiE7TyAbQ5SWxDCB9mUYvOgroQOwYQQOKPJ8CIbE+1ETVlOoK1UC2nU3gYvg==",
      "engines": {
        "node": ">= 0.6"
      }
    },
    "node_modules/mime-types": {
      "version": "2.1.35",
      "resolved": "https://registry.npmjs.org/mime-types/-/mime-types-2.1.35.tgz",
      "integrity": "sha512-ZDY+bPm5zTTF+YpCrAU9nK0UgICYPT0QtT1NZWFv4s++TNkcgVaT0g6+4R2uI4MjQjzysHB1zxuWL50hzaeXiw==",
      "dependencies": {
        "mime-db": "1.52.0"
      },
      "engines": {
        "node": ">= 0.6"
      }
    },
    "node_modules/ngraph.centrality": {
      "version": "0.3.0",
      "resolved": "https://registry.npmjs.org/ngraph.centrality/-/ngraph.centrality-0.3.0.tgz",
      "integrity": "sha512-Qmu9dDHJAx+GAW2AMqmhaub1rINS+fHZGZJ3zPI36ENAXmVNQ/Jkq79br1sg6NUHz/pRBT9MXMuwDyYKmMt8Mw=="
    },
    "node_modules/ngraph.events": {
      "version": "0.0.3",
      "resolved": "https://registry.npmjs.org/ngraph.events/-/ngraph.events-0.0.3.tgz",
      "integrity": "sha512-UrewofHOFk/05otBm9GD4DA3PTEY/yaElhCclmGC4IcmAYaSDRrC3lENQxJ00AzeBnz1GY2xH7Ct7AfIdhsdWA=="
    },
    "node_modules/ngraph.expose": {
      "version": "0.0.0",
      "resolved": "https://registry.npmjs.org/ngraph.expose/-/ngraph.expose-0.0.0.tgz",
      "integrity": "sha512-Hr88MuhgoSLVGf2aaaXcKl22Rn95duWsjRcoeJMP9PtFmYHGFw/3ctDqBf5phnIyktm0P/Quxs5EGg6xgJcZAQ=="
    },
    "node_modules/ngraph.forcelayout": {
      "version": "0.5.0",
      "resolved": "https://registry.npmjs.org/ngraph.forcelayout/-/ngraph.forcelayout-0.5.0.tgz",
      "integrity": "sha512-qOd1S9unFLw313+l0M/Dk1MePLDUSl4h9RyOtAbo0CyeefnN4PICiRz0LOewR5WuFmQD0/RmZLpjTKu0H7LTKQ==",
      "dependencies": {
        "ngraph.events": "0.0.4",
        "ngraph.physics.simulator": "^0.3.0"
      }
    },
    "node_modules/ngraph.forcelayout/node_modules/ngraph.events": {
      "version": "0.0.4",
      "resolved": "https://registry.npmjs.org/ngraph.events/-/ngraph.events-0.0.4.tgz",
      "integrity": "sha512-SY7MdNQoy5KyaVxg03PYCnGF6J7l4p8lEdmYm/5oIqFAmLhg0BmzZzlRqobJ0nEPT6xZlonUQbvCcXtarPZNrg=="
    },
    "node_modules/ngraph.fromjson": {
      "version": "0.1.9",
      "resolved": "https://registry.npmjs.org/ngraph.fromjson/-/ngraph.fromjson-0.1.9.tgz",
      "integrity": "sha512-f3GLjbUq239wx4s5A0fDptj9dcNeaEIJU3gm74hWvYK7onD7sFtedP7jVHZA7UJ2FwkKgEhzbPeltv92ycuKZQ==",
      "dependencies": {
        "ngraph.graph": "0.0.14"
      }
    },
    "node_modules/ngraph.generators": {
      "version": "0.0.19",
      "resolved": "https://registry.npmjs.org/ngraph.generators/-/ngraph.generators-0.0.19.tgz",
      "integrity": "sha512-P3XqB1sH4zrzM6bMGTtuT/6K76Rnhf1qE8Zu7PkAvhQVCQzdLYiL2/8DwhcPLsetRJHNJv0uwpW9TpntBAqKrw==",
      "dependencies": {
        "ngraph.graph": "0.0.14",
        "ngraph.random": "0.1.0"
      }
    },
    "node_modules/ngraph.generators/node_modules/ngraph.random": {
      "version": "0.1.0",
      "resolved": "https://registry.npmjs.org/ngraph.random/-/ngraph.random-0.1.0.tgz",
      "integrity": "sha512-KXCfzk/ZB79BxQSWMvYPGayx3Mb+7n5GPnc8SW0rwysqRV/3QxEKrLU/UVC8eGjc2SYGofqX+uhUE6IXfqR5VA=="
    },
    "node_modules/ngraph.graph": {
      "version": "0.0.14",
      "resolved": "https://registry.npmjs.org/ngraph.graph/-/ngraph.graph-0.0.14.tgz",
      "integrity": "sha512-ERTLng4KrsGbR7iLZFvg5H+zJ7V+SY8RDqZKYCnOZib5W8M5LCvcil9/8eiJcTRUIPPXW3j8hqPCdLnBvgsn/A==",
      "dependencies": {
        "ngraph.events": "0.0.3"
      }
    },
    "node_modules/ngraph.merge": {
      "version": "0.0.1",
      "resolved": "https://registry.npmjs.org/ngraph.merge/-/ngraph.merge-0.0.1.tgz",
      "integrity": "sha512-iXchI5xMjYzA96mee//O7I7gtd4cCakWaSTu11aMTxRDbvBK2qpDDytYg58jO3usAUkjFxBdy1gxYppKmBDuRQ=="
    },
    "node_modules/ngraph.physics.primitives": {
      "version": "0.0.7",
      "resolved": "https://registry.npmjs.org/ngraph.physics.primitives/-/ngraph.physics.primitives-0.0.7.tgz",
      "integrity": "sha512-7jPm14fYcuJ9kytOVNOKxFy6r/Uu9Dnj++uT3iR9XkBcsBahn2xcYJkV6vF1bIb1fQ5XrDCRjRIOcMwEum6jwQ=="
    },
    "node_modules/ngraph.physics.simulator": {
      "version": "0.3.0",
      "resolved": "https://registry.npmjs.org/ngraph.physics.simulator/-/ngraph.physics.simulator-0.3.0.tgz",
      "integrity": "sha512-ObW+HL+hQBIIdc6xG/+qrLe8qv+Sf0X3lq/l2hsjFrIwWtpRKLrSvUUoXiNIeFqRmY/C+PkGo3U+XY523lJ+Fw==",
      "dependencies": {
        "ngraph.events": "0.0.3",
        "ngraph.expose": "0.0.0",
        "ngraph.merge": "0.0.1",
        "ngraph.physics.primitives": "0.0.7",
        "ngraph.quadtreebh": "0.0.4",
        "ngraph.random": "0.0.1"
      }
    },
    "node_modules/ngraph.quadtreebh": {
      "version": "0.0.4",
      "resolved": "https://registry.npmjs.org/ngraph.quadtreebh/-/ngraph.quadtreebh-0.0.4.tgz",
      "integrity": "sha512-xTIkWGXt5Ajnoq9VOr0xDOI9ZL+q4sPhD0Z7vxvn4MCa+l0wf43rg0C7qv0t+RIOgbQBAp0xDpn568hpXAckJA==",
      "dependencies": {
        "ngraph.random": "0.0.1"
      }
    },
    "node_modules/ngraph.random": {
      "version": "0.0.1",
      "resolved": "https://registry.npmjs.org/ngraph.random/-/ngraph.random-0.0.1.tgz",
      "integrity": "sha512-QPKU7ChXF/VrvMQxVo9aWcvXCXp98VfL4nKUteTW/olDqeUqQ61t7m+jvFb8Dj7kKvlKlnsbDA1aWLJGmm17XA=="
    },
    "node_modules/ngraph.tojson": {
      "version": "0.1.4",
      "resolved": "https://registry.npmjs.org/ngraph.tojson/-/ngraph.tojson-0.1.4.tgz",
      "integrity": "sha512-Ii2BTqi8zBRMLH8vTc8pMUKQFJaqbgttG9DKUaazoPVpwC/ww4jyTOHe2ZKaGGZRepnGLqSZ27wZUm7n8MjIgA=="
    },
    "node_modules/proxy-from-env": {
      "version": "1.1.0",
      "resolved": "https://registry.npmjs.org/proxy-from-env/-/proxy-from-env-1.1.0.tgz",
      "integrity": "sha512-D+zkORCbA9f1tdWRK0RaCR3GPv50cMxcrz4X8k5LTSUD1Dkw47mKJEZQNunItRTkWwgtaUSo1RVFRIG9ZXiFYg=="
    },
    "node_modules/simplesvg": {
      "version": "0.0.10",
      "resolved": "https://registry.npmjs.org/simplesvg/-/simplesvg-0.0.10.tgz",
      "integrity": "sha512-iCVx1A/kI4U3cGPRMRQaGLbIFNDXuB8rsaAsO2mM5wYFDs/MrfmHhrSCqNbOylgt9MhhZU3uMsSQnZM853kwXQ==",
      "dependencies": {
        "add-event-listener": "0.0.1"
      }
    },
    "node_modules/undici-types": {
      "version": "5.26.5",
      "resolved": "https://registry.npmjs.org/undici-types/-/undici-types-5.26.5.tgz",
      "integrity": "sha512-JlCMO+ehdEIKqlFxk6IfVoAUVmgz7cU7zD/h9XZ0qzeosSHmUJVOzSQvvYSYWXkFXC+IfLKSIffhv0sVZup6pA=="
    },
    "node_modules/vivagraphjs": {
      "version": "0.12.0",
      "resolved": "https://registry.npmjs.org/vivagraphjs/-/vivagraphjs-0.12.0.tgz",
      "integrity": "sha512-Air+vUHXAWj8NTWUnbU800yKC7SiHpCVwpKIPfDtr5436YoMd7cpg8blt6Fn9xarx+sz1osRxGHBHTaHvcsR6Q==",
      "dependencies": {
        "gintersect": "0.1.0",
        "ngraph.centrality": "0.3.0",
        "ngraph.events": "0.0.3",
        "ngraph.forcelayout": "0.5.0",
        "ngraph.fromjson": "0.1.9",
        "ngraph.generators": "0.0.19",
        "ngraph.graph": "0.0.14",
        "ngraph.merge": "0.0.1",
        "ngraph.random": "0.0.1",
        "ngraph.tojson": "0.1.4",
        "simplesvg": "0.0.10"
      }
    },
    "node_modules/ws": {
      "version": "8.18.0",
      "resolved": "https://registry.npmjs.org/ws/-/ws-8.18.0.tgz",
      "integrity": "sha512-8VbfWfHLbbwu3+N6OKsOMpBdT4kXPDDB9cJk2bJ6mh9ucxdlnNvH1e+roYkKmN9Nxw2yjz7VzeO9oOz2zJ04Pw==",
      "engines": {
        "node": ">=10.0.0"
      },
      "peerDependencies": {
        "bufferutil": "^4.0.1",
        "utf-8-validate": ">=5.0.2"
      },
      "peerDependenciesMeta": {
        "bufferutil": {
          "optional": true
        },
        "utf-8-validate": {
          "optional": true
        }
      }
    }
  }
}
